
Microsoft Visual Studio Solution File, Format Version 12.00
# Visual Studio Version 17
VisualStudioVersion = 17.3.32825.248
MinimumVisualStudioVersion = 10.0.40219.1
Project("{8BC9CEB8-8B4A-11D0-8D11-00A0C91BC942}") = "W1P1", "W1P1.vcxproj", "{D0DA9671-69DC-4C73-8F3A-8A536609A555}"
EndProject
Global
	GlobalSection(SolutionConfigurationPlatforms) = preSolution
		Debug|x64 = Debug|x64
		Debug|x86 = Debug|x86
		Release|x64 = Release|x64
		Release|x86 = Release|x86
	EndGlobalSection
	GlobalSection(ProjectConfigurationPlatforms) = postSolution
		{D0DA9671-69DC-4C73-8F3A-8A536609A555}.Debug|x64.ActiveCfg = Debug|x64
		{D0DA9671-69DC-4C73-8F3A-8A536609A555}.Debug|x64.Build.0 = Debug|x64
		{D0DA9671-69DC-4C73-8F3A-8A536609A555}.Debug|x86.ActiveCfg = Debug|Win32
		{D0DA9671-69DC-4C73-8F3A-8A536609A555}.Debug|x86.Build.0 = Debug|Win32
		{D0DA9671-69DC-4C73-8F3A-8A536609A555}.Release|x64.ActiveCfg = Release|x64
		{D0DA9671-69DC-4C73-8F3A-8A536609A555}.Release|x64.Build.0 = Release|x64
		{D0DA9671-69DC-4C73-8F3A-8A536609A555}.Release|x86.ActiveCfg = Release|Win32
		{D0DA9671-69DC-4C73-8F3A-8A536609A555}.Release|x86.Build.0 = Release|Win32
	EndGlobalSection
	GlobalSection(SolutionProperties) = preSolution
		HideSolutionNode = FALSE
	EndGlobalSection
	GlobalSection(ExtensibilityGlobals) = postSolution
		SolutionGuid = {8959E401-9324-48AD-A04E-D7F6451889D7}
	EndGlobalSection
EndGlobal
